<?xml version="1.0" encoding="utf-8"?>
<Project ToolsVersion="4.0" xmlns="http://schemas.microsoft.com/developer/msbuild/2003">
  <ItemGroup>
    <Filter Include="Source Files">
      <UniqueIdentifier>{4FC737F1-C7A5-4376-A066-2A32D752A2FF}</UniqueIdentifier>
      <Extensions>cpp;c;cc;cxx;def;odl;idl;hpj;bat;asm;asmx</Extensions>
    </Filter>
    <Filter Include="Header Files">
      <UniqueIdentifier>{93995380-89BD-4b04-88EB-625FBE52EBFB}</UniqueIdentifier>
      <Extensions>h;hh;hpp;hxx;hm;inl;inc;xsd</Extensions>
    </Filter>
    <Filter Include="Resource Files">
      <UniqueIdentifier>{67DA6AB6-F800-4c08-8B7A-83BB121AAD01}</UniqueIdentifier>
      <Extensions>rc;ico;cur;bmp;dlg;rc2;rct;bin;rgs;gif;jpg;jpeg;jpe;resx;tiff;tif;png;wav;mfcribbon-ms</Extensions>
    </Filter>
    <Filter Include="Header Files\Exceptions">
      <UniqueIdentifier>{5bedc81d-e7c3-4673-8929-c00f71a4ddd9}</UniqueIdentifier>
    </Filter>
    <Filter Include="Header Files\IndividualFeasibilityConditions">
      <UniqueIdentifier>{dcc29e2c-a09f-4fbd-bd9b-706a6797d6a2}</UniqueIdentifier>
    </Filter>
    <Filter Include="Source Files\IndividualFeasibilityConditions">
      <UniqueIdentifier>{f5e374e0-c53e-49f1-b737-6853cba38bcc}</UniqueIdentifier>
    </Filter>
    <Filter Include="Header Files\Classifiers">
      <UniqueIdentifier>{b2ee96f9-1141-4d25-8a3a-36d420dedd46}</UniqueIdentifier>
    </Filter>
    <Filter Include="Source Files\Classifiers">
      <UniqueIdentifier>{b585557a-5afe-425d-bbd5-af8623c6572a}</UniqueIdentifier>
    </Filter>
  </ItemGroup>
  <ItemGroup>
    <ClInclude Include="IndividualFeasibilityConditionsFactory.h">
      <Filter>Header Files</Filter>
    </ClInclude>
    <ClInclude Include="AllLabelTypesIncludedCondition.h">
      <Filter>Header Files\IndividualFeasibilityConditions</Filter>
    </ClInclude>
    <ClInclude Include="GaClassifier.h">
      <Filter>Header Files\Classifiers</Filter>
    </ClInclude>
    <ClInclude Include="GaFitnessFunction.h">
      <Filter>Header Files</Filter>
    </ClInclude>
  </ItemGroup>
  <ItemGroup>
    <None Include="packages.config" />
  </ItemGroup>
  <ItemGroup>
    <ClCompile Include="IndividualFeasibilityConditionsFactory.cpp">
      <Filter>Source Files</Filter>
    </ClCompile>
    <ClCompile Include="AllLabelTypesIncludedCondition.cpp">
      <Filter>Source Files\IndividualFeasibilityConditions</Filter>
    </ClCompile>
    <ClCompile Include="GaClassifier.cpp">
      <Filter>Source Files\Classifiers</Filter>
    </ClCompile>
    <ClCompile Include="GaFitnessFunction.cpp">
      <Filter>Source Files</Filter>
    </ClCompile>
  </ItemGroup>
</Project>