<?xml version="1.0" encoding="utf-8"?>
<Project ToolsVersion="4.0" xmlns="http://schemas.microsoft.com/developer/msbuild/2003">
  <ItemGroup>
    <Filter Include="Source Files">
      <UniqueIdentifier>{4FC737F1-C7A5-4376-A066-2A32D752A2FF}</UniqueIdentifier>
      <Extensions>cpp;c;cc;cxx;def;odl;idl;hpj;bat;asm;asmx</Extensions>
    </Filter>
    <Filter Include="Header Files">
      <UniqueIdentifier>{93995380-89BD-4b04-88EB-625FBE52EBFB}</UniqueIdentifier>
      <Extensions>h;hh;hpp;hxx;hm;inl;inc;xsd</Extensions>
    </Filter>
    <Filter Include="Resource Files">
      <UniqueIdentifier>{67DA6AB6-F800-4c08-8B7A-83BB121AAD01}</UniqueIdentifier>
      <Extensions>rc;ico;cur;bmp;dlg;rc2;rct;bin;rgs;gif;jpg;jpeg;jpe;resx;tiff;tif;png;wav;mfcribbon-ms</Extensions>
    </Filter>
    <Filter Include="Header Files\Exceptions">
      <UniqueIdentifier>{d8f0d195-e7d8-4a82-bcf7-0f65bde2a261}</UniqueIdentifier>
    </Filter>
    <Filter Include="Source Files\Exceptions">
      <UniqueIdentifier>{d50250af-1395-4b75-9a15-a7fa8deef72a}</UniqueIdentifier>
    </Filter>
  </ItemGroup>
  <ItemGroup>
    <ClInclude Include="GeneticTrainingSetSelectionScenario.h">
      <Filter>Header Files</Filter>
    </ClInclude>
    <ClInclude Include="RaportGenerator.h">
      <Filter>Header Files</Filter>
    </ClInclude>
    <ClInclude Include="SVMFitnessFunction.h">
      <Filter>Header Files</Filter>
    </ClInclude>
    <ClInclude Include="RandomMultipleValidationSelectionScenario.h">
      <Filter>Header Files</Filter>
    </ClInclude>
    <ClInclude Include="NegativeTrainingTimeException.h">
      <Filter>Header Files\Exceptions</Filter>
    </ClInclude>
    <ClInclude Include="NegativeMeanClassificationTimeException.h">
      <Filter>Header Files\Exceptions</Filter>
    </ClInclude>
    <ClInclude Include="InconsistentIndividualSizeAndNumberOfSupportVectorsException.h">
      <Filter>Header Files\Exceptions</Filter>
    </ClInclude>
  </ItemGroup>
  <ItemGroup>
    <ClCompile Include="GeneticTrainingSetSelectionScenario.cpp">
      <Filter>Source Files</Filter>
    </ClCompile>
    <ClCompile Include="RaportGenerator.cpp">
      <Filter>Source Files</Filter>
    </ClCompile>
    <ClCompile Include="SVMFitnessFunction.cpp">
      <Filter>Source Files</Filter>
    </ClCompile>
    <ClCompile Include="RandomMultipleValidationSelectionScenario.cpp">
      <Filter>Source Files</Filter>
    </ClCompile>
    <ClCompile Include="NegativeTrainingTimeException.cpp">
      <Filter>Source Files\Exceptions</Filter>
    </ClCompile>
    <ClCompile Include="NegativeMeanClassificationTimeException.cpp">
      <Filter>Source Files\Exceptions</Filter>
    </ClCompile>
    <ClCompile Include="InconsistentIndividualSizeAndNumberOfSupportVectorsException.cpp">
      <Filter>Source Files\Exceptions</Filter>
    </ClCompile>
  </ItemGroup>
  <ItemGroup>
    <None Include="packages.config" />
  </ItemGroup>
</Project>