<?xml version="1.0" encoding="utf-8"?>
<Project ToolsVersion="4.0" xmlns="http://schemas.microsoft.com/developer/msbuild/2003">
  <ItemGroup>
    <Filter Include="Source Files">
      <UniqueIdentifier>{4FC737F1-C7A5-4376-A066-2A32D752A2FF}</UniqueIdentifier>
      <Extensions>cpp;c;cc;cxx;def;odl;idl;hpj;bat;asm;asmx</Extensions>
    </Filter>
    <Filter Include="Header Files">
      <UniqueIdentifier>{93995380-89BD-4b04-88EB-625FBE52EBFB}</UniqueIdentifier>
      <Extensions>h;hh;hpp;hxx;hm;inl;inc;xsd</Extensions>
    </Filter>
  </ItemGroup>
  <ItemGroup>
    <ClInclude Include="GaussianMixtureModel.h">
      <Filter>Header Files</Filter>
    </ClInclude>
    <ClInclude Include="GaussianDistribution.h">
      <Filter>Header Files</Filter>
    </ClInclude>
    <ClInclude Include="ExpectationMaximization.h">
      <Filter>Header Files</Filter>
    </ClInclude>
    <ClInclude Include="LogLikelihoodCalculator.h">
      <Filter>Header Files</Filter>
    </ClInclude>
    <ClInclude Include="ExpectationRunnerRef.h">
      <Filter>Header Files</Filter>
    </ClInclude>
    <ClInclude Include="MaximizationRunnerRef.h">
      <Filter>Header Files</Filter>
    </ClInclude>
    <ClInclude Include="RandomInitializationRef.h">
      <Filter>Header Files</Filter>
    </ClInclude>
    <ClInclude Include="Matrix.h">
      <Filter>Header Files</Filter>
    </ClInclude>
    <ClInclude Include="DataTypes.h">
      <Filter>Header Files</Filter>
    </ClInclude>
    <ClInclude Include="ClearPeakFinder.h">
      <Filter>Header Files</Filter>
    </ClInclude>
    <ClInclude Include="GmmOptions.h">
      <Filter>Header Files</Filter>
    </ClInclude>
    <ClInclude Include="SplitterSegmentExtractor.h">
      <Filter>Header Files</Filter>
    </ClInclude>
    <ClInclude Include="DynamicProgrammingInitialization.h">
      <Filter>Header Files</Filter>
    </ClInclude>
    <ClInclude Include="ExpectationRunnerOpt.h">
      <Filter>Header Files</Filter>
    </ClInclude>
    <ClInclude Include="MaximizationRunnerOpt.h">
      <Filter>Header Files</Filter>
    </ClInclude>
    <ClInclude Include="SplitterSegmentDecomposer.h">
      <Filter>Header Files</Filter>
    </ClInclude>
    <ClInclude Include="SignalDecomposer.h">
      <Filter>Header Files</Filter>
    </ClInclude>
    <ClInclude Include="SegmentExtractor.h">
      <Filter>Header Files</Filter>
    </ClInclude>
    <ClInclude Include="SegmentDecomposer.h">
      <Filter>Header Files</Filter>
    </ClInclude>
    <ClInclude Include="EmergencyCorrection.h">
      <Filter>Header Files</Filter>
    </ClInclude>
    <ClInclude Include="ModelUtils.h">
      <Filter>Header Files</Filter>
    </ClInclude>
    <ClInclude Include="DynamicProgrammingInitializationPar.h">
      <Filter>Header Files</Filter>
    </ClInclude>
    <ClInclude Include="SplitterSegmentExtractorPar.h">
      <Filter>Header Files</Filter>
    </ClInclude>
    <ClInclude Include="ExpectationMaximizationPar.h">
      <Filter>Header Files</Filter>
    </ClInclude>
    <ClInclude Include="ModelWithGaussianMixture.h">
      <Filter>Header Files</Filter>
    </ClInclude>
  </ItemGroup>
  <ItemGroup>
    <ClCompile Include="ClearPeakFinder.cpp">
      <Filter>Source Files</Filter>
    </ClCompile>
    <ClCompile Include="SplitterSegmentExtractor.cpp">
      <Filter>Source Files</Filter>
    </ClCompile>
    <ClCompile Include="SplitterSegmentExtractorPar.cpp">
      <Filter>Source Files</Filter>
    </ClCompile>
  </ItemGroup>
</Project>