
Microsoft Visual Studio Solution File, Format Version 12.00
# Visual Studio 15
VisualStudioVersion = 15.0.26730.12
MinimumVisualStudioVersion = 10.0.40219.1
Project("{8BC9CEB8-8B4A-11D0-8D11-00A0C91BC942}") = "Spectre.libClustering", "Spectre.libClustering\Spectre.libClustering.vcxproj", "{450F225C-4610-4B20-84AE-2ED5B4C8D7C4}"
EndProject
Project("{8BC9CEB8-8B4A-11D0-8D11-00A0C91BC942}") = "Spectre.libClustering.Tests", "Spectre.libClustering.Tests\Spectre.libClustering.Tests.vcxproj", "{1C2E181F-EAB0-46AA-B096-8BC78D7D8DB3}"
	ProjectSection(ProjectDependencies) = postProject
		{7417BF00-028B-4797-B58A-6058CA338493} = {7417BF00-028B-4797-B58A-6058CA338493}
	EndProjectSection
EndProject
Project("{8BC9CEB8-8B4A-11D0-8D11-00A0C91BC942}") = "Spectre.libDivik", "Spectre.libDivik\Spectre.libDivik.vcxproj", "{369BDAFF-9E57-40D0-830D-B9232F35E4F4}"
EndProject
Project("{8BC9CEB8-8B4A-11D0-8D11-00A0C91BC942}") = "Spectre.libGenetic", "Spectre.libGenetic\Spectre.libGenetic.vcxproj", "{9786751A-6AE1-48D3-938D-4129D0399667}"
EndProject
Project("{8BC9CEB8-8B4A-11D0-8D11-00A0C91BC942}") = "Spectre.libDataset", "Spectre.libDataset\Spectre.libDataset.vcxproj", "{B7DB309D-3ED6-4771-993D-A1CF3A6436D9}"
EndProject
Project("{8BC9CEB8-8B4A-11D0-8D11-00A0C91BC942}") = "Spectre.libDataset.Tests", "Spectre.libDataset.Tests\Spectre.libDataset.Tests.vcxproj", "{E6B2EF6F-86BD-4E2C-B860-1B9F0D3B9556}"
	ProjectSection(ProjectDependencies) = postProject
		{7417BF00-028B-4797-B58A-6058CA338493} = {7417BF00-028B-4797-B58A-6058CA338493}
	EndProjectSection
EndProject
Project("{8BC9CEB8-8B4A-11D0-8D11-00A0C91BC942}") = "Spectre.libGaussianMixtureModelling.Tests", "Spectre.libGaussianMixtureModelling.Tests\Spectre.libGaussianMixtureModelling.Tests.vcxproj", "{2185C120-7B01-4E2E-B200-858A2D25C715}"
	ProjectSection(ProjectDependencies) = postProject
		{7417BF00-028B-4797-B58A-6058CA338493} = {7417BF00-028B-4797-B58A-6058CA338493}
	EndProjectSection
EndProject
Project("{8BC9CEB8-8B4A-11D0-8D11-00A0C91BC942}") = "Spectre.libGaussianMixtureModelling", "Spectre.libGaussianMixtureModelling\Spectre.libGaussianMixtureModelling.vcxproj", "{104D9A93-F6D7-4BF4-961F-7C52FEAEA77B}"
EndProject
Project("{8BC9CEB8-8B4A-11D0-8D11-00A0C91BC942}") = "Spectre.libException", "Spectre.libException\Spectre.libException.vcxproj", "{7417BF00-028B-4797-B58A-6058CA338493}"
EndProject
Project("{8BC9CEB8-8B4A-11D0-8D11-00A0C91BC942}") = "Spectre.libGenetic.Tests", "Spectre.libGenetic.Tests\Spectre.libGenetic.Tests.vcxproj", "{F5FFC2E5-66F4-493A-8D77-D47128A719D9}"
	ProjectSection(ProjectDependencies) = postProject
		{7417BF00-028B-4797-B58A-6058CA338493} = {7417BF00-028B-4797-B58A-6058CA338493}
		{9786751A-6AE1-48D3-938D-4129D0399667} = {9786751A-6AE1-48D3-938D-4129D0399667}
	EndProjectSection
EndProject
Project("{8BC9CEB8-8B4A-11D0-8D11-00A0C91BC942}") = "Spectre.libClassifier", "Spectre.libClassifier\Spectre.libClassifier.vcxproj", "{5419AEEB-98B4-4D79-9FCA-A794200073FC}"
EndProject
Project("{8BC9CEB8-8B4A-11D0-8D11-00A0C91BC942}") = "Spectre.libClassifier.Tests", "Spectre.libClassifier.Tests\Spectre.libClassifier.Tests.vcxproj", "{B6B8D608-32E7-4F09-B91D-EA5832D74C07}"
	ProjectSection(ProjectDependencies) = postProject
		{7417BF00-028B-4797-B58A-6058CA338493} = {7417BF00-028B-4797-B58A-6058CA338493}
		{7EB0161F-4E8A-4C72-BA18-31B554F411F2} = {7EB0161F-4E8A-4C72-BA18-31B554F411F2}
		{B7DB309D-3ED6-4771-993D-A1CF3A6436D9} = {B7DB309D-3ED6-4771-993D-A1CF3A6436D9}
		{5419AEEB-98B4-4D79-9FCA-A794200073FC} = {5419AEEB-98B4-4D79-9FCA-A794200073FC}
	EndProjectSection
EndProject
Project("{8BC9CEB8-8B4A-11D0-8D11-00A0C91BC942}") = "Spectre.libStatistics", "Spectre.libStatistics\Spectre.libStatistics.vcxproj", "{76542909-5FC8-405B-8E6D-D2E529162A7A}"
EndProject
Project("{8BC9CEB8-8B4A-11D0-8D11-00A0C91BC942}") = "Spectre.libStatistics.Tests", "Spectre.libStatistics.Tests\Spectre.libStatistics.Tests.vcxproj", "{81F10DE8-B9EF-400F-B3A7-57F2AFF35A14}"
	ProjectSection(ProjectDependencies) = postProject
		{7417BF00-028B-4797-B58A-6058CA338493} = {7417BF00-028B-4797-B58A-6058CA338493}
		{76542909-5FC8-405B-8E6D-D2E529162A7A} = {76542909-5FC8-405B-8E6D-D2E529162A7A}
		{B7DB309D-3ED6-4771-993D-A1CF3A6436D9} = {B7DB309D-3ED6-4771-993D-A1CF3A6436D9}
	EndProjectSection
EndProject
Project("{8BC9CEB8-8B4A-11D0-8D11-00A0C91BC942}") = "Spectre.libFunctional", "Spectre.libFunctional\Spectre.libFunctional.vcxproj", "{7EB0161F-4E8A-4C72-BA18-31B554F411F2}"
EndProject
Project("{8BC9CEB8-8B4A-11D0-8D11-00A0C91BC942}") = "Spectre.libFunctional.Tests", "Spectre.libFunctional.Tests\Spectre.libFunctional.Tests.vcxproj", "{CF33269B-0876-4651-A8B9-2E32740C05C7}"
	ProjectSection(ProjectDependencies) = postProject
		{7417BF00-028B-4797-B58A-6058CA338493} = {7417BF00-028B-4797-B58A-6058CA338493}
		{7EB0161F-4E8A-4C72-BA18-31B554F411F2} = {7EB0161F-4E8A-4C72-BA18-31B554F411F2}
	EndProjectSection
EndProject
Project("{2150E333-8FDC-42A3-9474-1A3956D46DE8}") = "core", "core", "{A136EE60-7CFE-4FEF-8BF8-7CB9AFC94353}"
EndProject
Project("{2150E333-8FDC-42A3-9474-1A3956D46DE8}") = "supervised", "supervised", "{789D1D78-4C9E-44E8-ADC8-727647813570}"
EndProject
Project("{2150E333-8FDC-42A3-9474-1A3956D46DE8}") = "statistics", "statistics", "{161BFBEB-A19E-4F5C-A7C1-1AAF0A6DA3EC}"
EndProject
Project("{2150E333-8FDC-42A3-9474-1A3956D46DE8}") = "algorithm", "algorithm", "{1006E08E-0DB2-4645-961A-1B1C902198C4}"
EndProject
Project("{2150E333-8FDC-42A3-9474-1A3956D46DE8}") = "unsupervised", "unsupervised", "{1C5130A0-168B-41FA-911C-576D3034F160}"
EndProject
Project("{2150E333-8FDC-42A3-9474-1A3956D46DE8}") = "visualization", "visualization", "{1ACF6927-D6B8-492B-8386-7FBA7BF70CB5}"
EndProject
Project("{8BC9CEB8-8B4A-11D0-8D11-00A0C91BC942}") = "Spectre.libHeatmapDataScaling", "Spectre.libHeatmapDataScaling\Spectre.libHeatmapDataScaling.vcxproj", "{6B7BF168-E96C-44D6-ADB7-CADE77E2A654}"
EndProject
Project("{8BC9CEB8-8B4A-11D0-8D11-00A0C91BC942}") = "Spectre.libWavelet", "Spectre.libWavelet\Spectre.libWavelet.vcxproj", "{3BD3D898-F14B-4129-BAE5-6E3E83E9D982}"
EndProject
Project("{8BC9CEB8-8B4A-11D0-8D11-00A0C91BC942}") = "Spectre.libWavelet.Tests", "Spectre.libWavelet.Tests\Spectre.libWavelet.Tests.vcxproj", "{5B426532-B8C6-43BD-807A-CF772C731DC1}"
	ProjectSection(ProjectDependencies) = postProject
		{7EB0161F-4E8A-4C72-BA18-31B554F411F2} = {7EB0161F-4E8A-4C72-BA18-31B554F411F2}
		{3BD3D898-F14B-4129-BAE5-6E3E83E9D982} = {3BD3D898-F14B-4129-BAE5-6E3E83E9D982}
	EndProjectSection
EndProject
Global
	GlobalSection(SolutionConfigurationPlatforms) = preSolution
		Debug|Win32 = Debug|Win32
		Debug|x64 = Debug|x64
		Debug|x86 = Debug|x86
		Release|Win32 = Release|Win32
		Release|x64 = Release|x64
		Release|x86 = Release|x86
	EndGlobalSection
	GlobalSection(ProjectConfigurationPlatforms) = postSolution
		{450F225C-4610-4B20-84AE-2ED5B4C8D7C4}.Debug|Win32.ActiveCfg = Debug|Win32
		{450F225C-4610-4B20-84AE-2ED5B4C8D7C4}.Debug|Win32.Build.0 = Debug|Win32
		{450F225C-4610-4B20-84AE-2ED5B4C8D7C4}.Debug|x64.ActiveCfg = Debug|x64
		{450F225C-4610-4B20-84AE-2ED5B4C8D7C4}.Debug|x64.Build.0 = Debug|x64
		{450F225C-4610-4B20-84AE-2ED5B4C8D7C4}.Debug|x86.ActiveCfg = Debug|Win32
		{450F225C-4610-4B20-84AE-2ED5B4C8D7C4}.Debug|x86.Build.0 = Debug|Win32
		{450F225C-4610-4B20-84AE-2ED5B4C8D7C4}.Release|Win32.ActiveCfg = Release|Win32
		{450F225C-4610-4B20-84AE-2ED5B4C8D7C4}.Release|Win32.Build.0 = Release|Win32
		{450F225C-4610-4B20-84AE-2ED5B4C8D7C4}.Release|x64.ActiveCfg = Release|x64
		{450F225C-4610-4B20-84AE-2ED5B4C8D7C4}.Release|x64.Build.0 = Release|x64
		{450F225C-4610-4B20-84AE-2ED5B4C8D7C4}.Release|x86.ActiveCfg = Release|Win32
		{450F225C-4610-4B20-84AE-2ED5B4C8D7C4}.Release|x86.Build.0 = Release|Win32
		{1C2E181F-EAB0-46AA-B096-8BC78D7D8DB3}.Debug|Win32.ActiveCfg = Debug|Win32
		{1C2E181F-EAB0-46AA-B096-8BC78D7D8DB3}.Debug|Win32.Build.0 = Debug|Win32
		{1C2E181F-EAB0-46AA-B096-8BC78D7D8DB3}.Debug|x64.ActiveCfg = Debug|x64
		{1C2E181F-EAB0-46AA-B096-8BC78D7D8DB3}.Debug|x64.Build.0 = Debug|x64
		{1C2E181F-EAB0-46AA-B096-8BC78D7D8DB3}.Debug|x86.ActiveCfg = Debug|Win32
		{1C2E181F-EAB0-46AA-B096-8BC78D7D8DB3}.Debug|x86.Build.0 = Debug|Win32
		{1C2E181F-EAB0-46AA-B096-8BC78D7D8DB3}.Release|Win32.ActiveCfg = Release|Win32
		{1C2E181F-EAB0-46AA-B096-8BC78D7D8DB3}.Release|Win32.Build.0 = Release|Win32
		{1C2E181F-EAB0-46AA-B096-8BC78D7D8DB3}.Release|x64.ActiveCfg = Release|x64
		{1C2E181F-EAB0-46AA-B096-8BC78D7D8DB3}.Release|x64.Build.0 = Release|x64
		{1C2E181F-EAB0-46AA-B096-8BC78D7D8DB3}.Release|x86.ActiveCfg = Release|Win32
		{1C2E181F-EAB0-46AA-B096-8BC78D7D8DB3}.Release|x86.Build.0 = Release|Win32
		{369BDAFF-9E57-40D0-830D-B9232F35E4F4}.Debug|Win32.ActiveCfg = Debug|Win32
		{369BDAFF-9E57-40D0-830D-B9232F35E4F4}.Debug|Win32.Build.0 = Debug|Win32
		{369BDAFF-9E57-40D0-830D-B9232F35E4F4}.Debug|x64.ActiveCfg = Debug|x64
		{369BDAFF-9E57-40D0-830D-B9232F35E4F4}.Debug|x64.Build.0 = Debug|x64
		{369BDAFF-9E57-40D0-830D-B9232F35E4F4}.Debug|x86.ActiveCfg = Debug|Win32
		{369BDAFF-9E57-40D0-830D-B9232F35E4F4}.Debug|x86.Build.0 = Debug|Win32
		{369BDAFF-9E57-40D0-830D-B9232F35E4F4}.Release|Win32.ActiveCfg = Release|Win32
		{369BDAFF-9E57-40D0-830D-B9232F35E4F4}.Release|Win32.Build.0 = Release|Win32
		{369BDAFF-9E57-40D0-830D-B9232F35E4F4}.Release|x64.ActiveCfg = Release|x64
		{369BDAFF-9E57-40D0-830D-B9232F35E4F4}.Release|x64.Build.0 = Release|x64
		{369BDAFF-9E57-40D0-830D-B9232F35E4F4}.Release|x86.ActiveCfg = Release|Win32
		{369BDAFF-9E57-40D0-830D-B9232F35E4F4}.Release|x86.Build.0 = Release|Win32
		{9786751A-6AE1-48D3-938D-4129D0399667}.Debug|Win32.ActiveCfg = Debug|Win32
		{9786751A-6AE1-48D3-938D-4129D0399667}.Debug|Win32.Build.0 = Debug|Win32
		{9786751A-6AE1-48D3-938D-4129D0399667}.Debug|x64.ActiveCfg = Debug|x64
		{9786751A-6AE1-48D3-938D-4129D0399667}.Debug|x64.Build.0 = Debug|x64
		{9786751A-6AE1-48D3-938D-4129D0399667}.Debug|x86.ActiveCfg = Debug|Win32
		{9786751A-6AE1-48D3-938D-4129D0399667}.Debug|x86.Build.0 = Debug|Win32
		{9786751A-6AE1-48D3-938D-4129D0399667}.Release|Win32.ActiveCfg = Release|Win32
		{9786751A-6AE1-48D3-938D-4129D0399667}.Release|Win32.Build.0 = Release|Win32
		{9786751A-6AE1-48D3-938D-4129D0399667}.Release|x64.ActiveCfg = Release|x64
		{9786751A-6AE1-48D3-938D-4129D0399667}.Release|x64.Build.0 = Release|x64
		{9786751A-6AE1-48D3-938D-4129D0399667}.Release|x86.ActiveCfg = Release|Win32
		{9786751A-6AE1-48D3-938D-4129D0399667}.Release|x86.Build.0 = Release|Win32
		{B7DB309D-3ED6-4771-993D-A1CF3A6436D9}.Debug|Win32.ActiveCfg = Debug|Win32
		{B7DB309D-3ED6-4771-993D-A1CF3A6436D9}.Debug|Win32.Build.0 = Debug|Win32
		{B7DB309D-3ED6-4771-993D-A1CF3A6436D9}.Debug|x64.ActiveCfg = Debug|x64
		{B7DB309D-3ED6-4771-993D-A1CF3A6436D9}.Debug|x64.Build.0 = Debug|x64
		{B7DB309D-3ED6-4771-993D-A1CF3A6436D9}.Debug|x86.ActiveCfg = Debug|Win32
		{B7DB309D-3ED6-4771-993D-A1CF3A6436D9}.Debug|x86.Build.0 = Debug|Win32
		{B7DB309D-3ED6-4771-993D-A1CF3A6436D9}.Release|Win32.ActiveCfg = Release|Win32
		{B7DB309D-3ED6-4771-993D-A1CF3A6436D9}.Release|Win32.Build.0 = Release|Win32
		{B7DB309D-3ED6-4771-993D-A1CF3A6436D9}.Release|x64.ActiveCfg = Release|x64
		{B7DB309D-3ED6-4771-993D-A1CF3A6436D9}.Release|x64.Build.0 = Release|x64
		{B7DB309D-3ED6-4771-993D-A1CF3A6436D9}.Release|x86.ActiveCfg = Release|Win32
		{B7DB309D-3ED6-4771-993D-A1CF3A6436D9}.Release|x86.Build.0 = Release|Win32
		{E6B2EF6F-86BD-4E2C-B860-1B9F0D3B9556}.Debug|Win32.ActiveCfg = Debug|Win32
		{E6B2EF6F-86BD-4E2C-B860-1B9F0D3B9556}.Debug|Win32.Build.0 = Debug|Win32
		{E6B2EF6F-86BD-4E2C-B860-1B9F0D3B9556}.Debug|x64.ActiveCfg = Debug|x64
		{E6B2EF6F-86BD-4E2C-B860-1B9F0D3B9556}.Debug|x64.Build.0 = Debug|x64
		{E6B2EF6F-86BD-4E2C-B860-1B9F0D3B9556}.Debug|x86.ActiveCfg = Debug|Win32
		{E6B2EF6F-86BD-4E2C-B860-1B9F0D3B9556}.Debug|x86.Build.0 = Debug|Win32
		{E6B2EF6F-86BD-4E2C-B860-1B9F0D3B9556}.Release|Win32.ActiveCfg = Release|Win32
		{E6B2EF6F-86BD-4E2C-B860-1B9F0D3B9556}.Release|Win32.Build.0 = Release|Win32
		{E6B2EF6F-86BD-4E2C-B860-1B9F0D3B9556}.Release|x64.ActiveCfg = Release|x64
		{E6B2EF6F-86BD-4E2C-B860-1B9F0D3B9556}.Release|x64.Build.0 = Release|x64
		{E6B2EF6F-86BD-4E2C-B860-1B9F0D3B9556}.Release|x86.ActiveCfg = Release|Win32
		{E6B2EF6F-86BD-4E2C-B860-1B9F0D3B9556}.Release|x86.Build.0 = Release|Win32
		{2185C120-7B01-4E2E-B200-858A2D25C715}.Debug|Win32.ActiveCfg = Debug|Win32
		{2185C120-7B01-4E2E-B200-858A2D25C715}.Debug|Win32.Build.0 = Debug|Win32
		{2185C120-7B01-4E2E-B200-858A2D25C715}.Debug|x64.ActiveCfg = Debug|x64
		{2185C120-7B01-4E2E-B200-858A2D25C715}.Debug|x64.Build.0 = Debug|x64
		{2185C120-7B01-4E2E-B200-858A2D25C715}.Debug|x86.ActiveCfg = Debug|Win32
		{2185C120-7B01-4E2E-B200-858A2D25C715}.Debug|x86.Build.0 = Debug|Win32
		{2185C120-7B01-4E2E-B200-858A2D25C715}.Release|Win32.ActiveCfg = Release|Win32
		{2185C120-7B01-4E2E-B200-858A2D25C715}.Release|Win32.Build.0 = Release|Win32
		{2185C120-7B01-4E2E-B200-858A2D25C715}.Release|x64.ActiveCfg = Release|x64
		{2185C120-7B01-4E2E-B200-858A2D25C715}.Release|x64.Build.0 = Release|x64
		{2185C120-7B01-4E2E-B200-858A2D25C715}.Release|x86.ActiveCfg = Release|Win32
		{2185C120-7B01-4E2E-B200-858A2D25C715}.Release|x86.Build.0 = Release|Win32
		{104D9A93-F6D7-4BF4-961F-7C52FEAEA77B}.Debug|Win32.ActiveCfg = Debug|Win32
		{104D9A93-F6D7-4BF4-961F-7C52FEAEA77B}.Debug|Win32.Build.0 = Debug|Win32
		{104D9A93-F6D7-4BF4-961F-7C52FEAEA77B}.Debug|x64.ActiveCfg = Debug|x64
		{104D9A93-F6D7-4BF4-961F-7C52FEAEA77B}.Debug|x64.Build.0 = Debug|x64
		{104D9A93-F6D7-4BF4-961F-7C52FEAEA77B}.Debug|x86.ActiveCfg = Debug|Win32
		{104D9A93-F6D7-4BF4-961F-7C52FEAEA77B}.Debug|x86.Build.0 = Debug|Win32
		{104D9A93-F6D7-4BF4-961F-7C52FEAEA77B}.Release|Win32.ActiveCfg = Release|Win32
		{104D9A93-F6D7-4BF4-961F-7C52FEAEA77B}.Release|Win32.Build.0 = Release|Win32
		{104D9A93-F6D7-4BF4-961F-7C52FEAEA77B}.Release|x64.ActiveCfg = Release|x64
		{104D9A93-F6D7-4BF4-961F-7C52FEAEA77B}.Release|x64.Build.0 = Release|x64
		{104D9A93-F6D7-4BF4-961F-7C52FEAEA77B}.Release|x86.ActiveCfg = Release|Win32
		{104D9A93-F6D7-4BF4-961F-7C52FEAEA77B}.Release|x86.Build.0 = Release|Win32
		{7417BF00-028B-4797-B58A-6058CA338493}.Debug|Win32.ActiveCfg = Debug|Win32
		{7417BF00-028B-4797-B58A-6058CA338493}.Debug|Win32.Build.0 = Debug|Win32
		{7417BF00-028B-4797-B58A-6058CA338493}.Debug|x64.ActiveCfg = Debug|x64
		{7417BF00-028B-4797-B58A-6058CA338493}.Debug|x64.Build.0 = Debug|x64
		{7417BF00-028B-4797-B58A-6058CA338493}.Debug|x86.ActiveCfg = Debug|Win32
		{7417BF00-028B-4797-B58A-6058CA338493}.Debug|x86.Build.0 = Debug|Win32
		{7417BF00-028B-4797-B58A-6058CA338493}.Release|Win32.ActiveCfg = Release|Win32
		{7417BF00-028B-4797-B58A-6058CA338493}.Release|Win32.Build.0 = Release|Win32
		{7417BF00-028B-4797-B58A-6058CA338493}.Release|x64.ActiveCfg = Release|x64
		{7417BF00-028B-4797-B58A-6058CA338493}.Release|x64.Build.0 = Release|x64
		{7417BF00-028B-4797-B58A-6058CA338493}.Release|x86.ActiveCfg = Release|Win32
		{7417BF00-028B-4797-B58A-6058CA338493}.Release|x86.Build.0 = Release|Win32
		{F5FFC2E5-66F4-493A-8D77-D47128A719D9}.Debug|Win32.ActiveCfg = Debug|Win32
		{F5FFC2E5-66F4-493A-8D77-D47128A719D9}.Debug|Win32.Build.0 = Debug|Win32
		{F5FFC2E5-66F4-493A-8D77-D47128A719D9}.Debug|x64.ActiveCfg = Debug|x64
		{F5FFC2E5-66F4-493A-8D77-D47128A719D9}.Debug|x64.Build.0 = Debug|x64
		{F5FFC2E5-66F4-493A-8D77-D47128A719D9}.Debug|x86.ActiveCfg = Debug|Win32
		{F5FFC2E5-66F4-493A-8D77-D47128A719D9}.Debug|x86.Build.0 = Debug|Win32
		{F5FFC2E5-66F4-493A-8D77-D47128A719D9}.Release|Win32.ActiveCfg = Release|Win32
		{F5FFC2E5-66F4-493A-8D77-D47128A719D9}.Release|Win32.Build.0 = Release|Win32
		{F5FFC2E5-66F4-493A-8D77-D47128A719D9}.Release|x64.ActiveCfg = Release|x64
		{F5FFC2E5-66F4-493A-8D77-D47128A719D9}.Release|x64.Build.0 = Release|x64
		{F5FFC2E5-66F4-493A-8D77-D47128A719D9}.Release|x86.ActiveCfg = Release|Win32
		{F5FFC2E5-66F4-493A-8D77-D47128A719D9}.Release|x86.Build.0 = Release|Win32
		{5419AEEB-98B4-4D79-9FCA-A794200073FC}.Debug|Win32.ActiveCfg = Debug|Win32
		{5419AEEB-98B4-4D79-9FCA-A794200073FC}.Debug|Win32.Build.0 = Debug|Win32
		{5419AEEB-98B4-4D79-9FCA-A794200073FC}.Debug|x64.ActiveCfg = Debug|x64
		{5419AEEB-98B4-4D79-9FCA-A794200073FC}.Debug|x64.Build.0 = Debug|x64
		{5419AEEB-98B4-4D79-9FCA-A794200073FC}.Debug|x86.ActiveCfg = Debug|Win32
		{5419AEEB-98B4-4D79-9FCA-A794200073FC}.Debug|x86.Build.0 = Debug|Win32
		{5419AEEB-98B4-4D79-9FCA-A794200073FC}.Release|Win32.ActiveCfg = Release|Win32
		{5419AEEB-98B4-4D79-9FCA-A794200073FC}.Release|Win32.Build.0 = Release|Win32
		{5419AEEB-98B4-4D79-9FCA-A794200073FC}.Release|x64.ActiveCfg = Release|x64
		{5419AEEB-98B4-4D79-9FCA-A794200073FC}.Release|x64.Build.0 = Release|x64
		{5419AEEB-98B4-4D79-9FCA-A794200073FC}.Release|x86.ActiveCfg = Release|Win32
		{5419AEEB-98B4-4D79-9FCA-A794200073FC}.Release|x86.Build.0 = Release|Win32
		{B6B8D608-32E7-4F09-B91D-EA5832D74C07}.Debug|Win32.ActiveCfg = Debug|Win32
		{B6B8D608-32E7-4F09-B91D-EA5832D74C07}.Debug|Win32.Build.0 = Debug|Win32
		{B6B8D608-32E7-4F09-B91D-EA5832D74C07}.Debug|x64.ActiveCfg = Debug|x64
		{B6B8D608-32E7-4F09-B91D-EA5832D74C07}.Debug|x64.Build.0 = Debug|x64
		{B6B8D608-32E7-4F09-B91D-EA5832D74C07}.Debug|x86.ActiveCfg = Debug|Win32
		{B6B8D608-32E7-4F09-B91D-EA5832D74C07}.Debug|x86.Build.0 = Debug|Win32
		{B6B8D608-32E7-4F09-B91D-EA5832D74C07}.Release|Win32.ActiveCfg = Release|Win32
		{B6B8D608-32E7-4F09-B91D-EA5832D74C07}.Release|Win32.Build.0 = Release|Win32
		{B6B8D608-32E7-4F09-B91D-EA5832D74C07}.Release|x64.ActiveCfg = Release|x64
		{B6B8D608-32E7-4F09-B91D-EA5832D74C07}.Release|x64.Build.0 = Release|x64
		{B6B8D608-32E7-4F09-B91D-EA5832D74C07}.Release|x86.ActiveCfg = Release|Win32
		{B6B8D608-32E7-4F09-B91D-EA5832D74C07}.Release|x86.Build.0 = Release|Win32
		{76542909-5FC8-405B-8E6D-D2E529162A7A}.Debug|Win32.ActiveCfg = Debug|Win32
		{76542909-5FC8-405B-8E6D-D2E529162A7A}.Debug|Win32.Build.0 = Debug|Win32
		{76542909-5FC8-405B-8E6D-D2E529162A7A}.Debug|x64.ActiveCfg = Debug|x64
		{76542909-5FC8-405B-8E6D-D2E529162A7A}.Debug|x64.Build.0 = Debug|x64
		{76542909-5FC8-405B-8E6D-D2E529162A7A}.Debug|x86.ActiveCfg = Debug|Win32
		{76542909-5FC8-405B-8E6D-D2E529162A7A}.Debug|x86.Build.0 = Debug|Win32
		{76542909-5FC8-405B-8E6D-D2E529162A7A}.Release|Win32.ActiveCfg = Release|Win32
		{76542909-5FC8-405B-8E6D-D2E529162A7A}.Release|Win32.Build.0 = Release|Win32
		{76542909-5FC8-405B-8E6D-D2E529162A7A}.Release|x64.ActiveCfg = Release|x64
		{76542909-5FC8-405B-8E6D-D2E529162A7A}.Release|x64.Build.0 = Release|x64
		{76542909-5FC8-405B-8E6D-D2E529162A7A}.Release|x86.ActiveCfg = Release|Win32
		{76542909-5FC8-405B-8E6D-D2E529162A7A}.Release|x86.Build.0 = Release|Win32
		{81F10DE8-B9EF-400F-B3A7-57F2AFF35A14}.Debug|Win32.ActiveCfg = Debug|Win32
		{81F10DE8-B9EF-400F-B3A7-57F2AFF35A14}.Debug|Win32.Build.0 = Debug|Win32
		{81F10DE8-B9EF-400F-B3A7-57F2AFF35A14}.Debug|x64.ActiveCfg = Debug|x64
		{81F10DE8-B9EF-400F-B3A7-57F2AFF35A14}.Debug|x64.Build.0 = Debug|x64
		{81F10DE8-B9EF-400F-B3A7-57F2AFF35A14}.Debug|x86.ActiveCfg = Debug|Win32
		{81F10DE8-B9EF-400F-B3A7-57F2AFF35A14}.Debug|x86.Build.0 = Debug|Win32
		{81F10DE8-B9EF-400F-B3A7-57F2AFF35A14}.Release|Win32.ActiveCfg = Release|Win32
		{81F10DE8-B9EF-400F-B3A7-57F2AFF35A14}.Release|Win32.Build.0 = Release|Win32
		{81F10DE8-B9EF-400F-B3A7-57F2AFF35A14}.Release|x64.ActiveCfg = Release|x64
		{81F10DE8-B9EF-400F-B3A7-57F2AFF35A14}.Release|x64.Build.0 = Release|x64
		{81F10DE8-B9EF-400F-B3A7-57F2AFF35A14}.Release|x86.ActiveCfg = Release|Win32
		{81F10DE8-B9EF-400F-B3A7-57F2AFF35A14}.Release|x86.Build.0 = Release|Win32
		{7EB0161F-4E8A-4C72-BA18-31B554F411F2}.Debug|Win32.ActiveCfg = Debug|Win32
		{7EB0161F-4E8A-4C72-BA18-31B554F411F2}.Debug|Win32.Build.0 = Debug|Win32
		{7EB0161F-4E8A-4C72-BA18-31B554F411F2}.Debug|x64.ActiveCfg = Debug|x64
		{7EB0161F-4E8A-4C72-BA18-31B554F411F2}.Debug|x64.Build.0 = Debug|x64
		{7EB0161F-4E8A-4C72-BA18-31B554F411F2}.Debug|x86.ActiveCfg = Debug|Win32
		{7EB0161F-4E8A-4C72-BA18-31B554F411F2}.Debug|x86.Build.0 = Debug|Win32
		{7EB0161F-4E8A-4C72-BA18-31B554F411F2}.Release|Win32.ActiveCfg = Release|Win32
		{7EB0161F-4E8A-4C72-BA18-31B554F411F2}.Release|Win32.Build.0 = Release|Win32
		{7EB0161F-4E8A-4C72-BA18-31B554F411F2}.Release|x64.ActiveCfg = Release|x64
		{7EB0161F-4E8A-4C72-BA18-31B554F411F2}.Release|x64.Build.0 = Release|x64
		{7EB0161F-4E8A-4C72-BA18-31B554F411F2}.Release|x86.ActiveCfg = Release|Win32
		{7EB0161F-4E8A-4C72-BA18-31B554F411F2}.Release|x86.Build.0 = Release|Win32
		{CF33269B-0876-4651-A8B9-2E32740C05C7}.Debug|Win32.ActiveCfg = Debug|Win32
		{CF33269B-0876-4651-A8B9-2E32740C05C7}.Debug|Win32.Build.0 = Debug|Win32
		{CF33269B-0876-4651-A8B9-2E32740C05C7}.Debug|x64.ActiveCfg = Debug|x64
		{CF33269B-0876-4651-A8B9-2E32740C05C7}.Debug|x64.Build.0 = Debug|x64
		{CF33269B-0876-4651-A8B9-2E32740C05C7}.Debug|x86.ActiveCfg = Debug|Win32
		{CF33269B-0876-4651-A8B9-2E32740C05C7}.Debug|x86.Build.0 = Debug|Win32
		{CF33269B-0876-4651-A8B9-2E32740C05C7}.Release|Win32.ActiveCfg = Release|Win32
		{CF33269B-0876-4651-A8B9-2E32740C05C7}.Release|Win32.Build.0 = Release|Win32
		{CF33269B-0876-4651-A8B9-2E32740C05C7}.Release|x64.ActiveCfg = Release|x64
		{CF33269B-0876-4651-A8B9-2E32740C05C7}.Release|x64.Build.0 = Release|x64
		{CF33269B-0876-4651-A8B9-2E32740C05C7}.Release|x86.ActiveCfg = Release|Win32
		{CF33269B-0876-4651-A8B9-2E32740C05C7}.Release|x86.Build.0 = Release|Win32
		{6B7BF168-E96C-44D6-ADB7-CADE77E2A654}.Debug|Win32.ActiveCfg = Debug|Win32
		{6B7BF168-E96C-44D6-ADB7-CADE77E2A654}.Debug|Win32.Build.0 = Debug|Win32
		{6B7BF168-E96C-44D6-ADB7-CADE77E2A654}.Debug|x64.ActiveCfg = Debug|x64
		{6B7BF168-E96C-44D6-ADB7-CADE77E2A654}.Debug|x64.Build.0 = Debug|x64
		{6B7BF168-E96C-44D6-ADB7-CADE77E2A654}.Debug|x86.ActiveCfg = Debug|Win32
		{6B7BF168-E96C-44D6-ADB7-CADE77E2A654}.Debug|x86.Build.0 = Debug|Win32
		{6B7BF168-E96C-44D6-ADB7-CADE77E2A654}.Release|Win32.ActiveCfg = Release|Win32
		{6B7BF168-E96C-44D6-ADB7-CADE77E2A654}.Release|Win32.Build.0 = Release|Win32
		{6B7BF168-E96C-44D6-ADB7-CADE77E2A654}.Release|x64.ActiveCfg = Release|x64
		{6B7BF168-E96C-44D6-ADB7-CADE77E2A654}.Release|x64.Build.0 = Release|x64
		{6B7BF168-E96C-44D6-ADB7-CADE77E2A654}.Release|x86.ActiveCfg = Release|Win32
		{6B7BF168-E96C-44D6-ADB7-CADE77E2A654}.Release|x86.Build.0 = Release|Win32
		{3BD3D898-F14B-4129-BAE5-6E3E83E9D982}.Debug|Win32.ActiveCfg = Debug|Win32
		{3BD3D898-F14B-4129-BAE5-6E3E83E9D982}.Debug|Win32.Build.0 = Debug|Win32
		{3BD3D898-F14B-4129-BAE5-6E3E83E9D982}.Debug|x64.ActiveCfg = Debug|x64
		{3BD3D898-F14B-4129-BAE5-6E3E83E9D982}.Debug|x64.Build.0 = Debug|x64
		{3BD3D898-F14B-4129-BAE5-6E3E83E9D982}.Debug|x86.ActiveCfg = Debug|x64
		{3BD3D898-F14B-4129-BAE5-6E3E83E9D982}.Release|Win32.ActiveCfg = Release|Win32
		{3BD3D898-F14B-4129-BAE5-6E3E83E9D982}.Release|Win32.Build.0 = Release|Win32
		{3BD3D898-F14B-4129-BAE5-6E3E83E9D982}.Release|x64.ActiveCfg = Release|x64
		{3BD3D898-F14B-4129-BAE5-6E3E83E9D982}.Release|x64.Build.0 = Release|x64
		{3BD3D898-F14B-4129-BAE5-6E3E83E9D982}.Release|x86.ActiveCfg = Release|Win32
		{3BD3D898-F14B-4129-BAE5-6E3E83E9D982}.Release|x86.Build.0 = Release|Win32
		{5B426532-B8C6-43BD-807A-CF772C731DC1}.Debug|Win32.ActiveCfg = Debug|Win32
		{5B426532-B8C6-43BD-807A-CF772C731DC1}.Debug|Win32.Build.0 = Debug|Win32
		{5B426532-B8C6-43BD-807A-CF772C731DC1}.Debug|x64.ActiveCfg = Debug|x64
		{5B426532-B8C6-43BD-807A-CF772C731DC1}.Debug|x64.Build.0 = Debug|x64
		{5B426532-B8C6-43BD-807A-CF772C731DC1}.Debug|x86.ActiveCfg = Debug|Win32
		{5B426532-B8C6-43BD-807A-CF772C731DC1}.Debug|x86.Build.0 = Debug|Win32
		{5B426532-B8C6-43BD-807A-CF772C731DC1}.Release|Win32.ActiveCfg = Release|Win32
		{5B426532-B8C6-43BD-807A-CF772C731DC1}.Release|Win32.Build.0 = Release|Win32
		{5B426532-B8C6-43BD-807A-CF772C731DC1}.Release|x64.ActiveCfg = Release|x64
		{5B426532-B8C6-43BD-807A-CF772C731DC1}.Release|x64.Build.0 = Release|x64
		{5B426532-B8C6-43BD-807A-CF772C731DC1}.Release|x86.ActiveCfg = Release|Win32
		{5B426532-B8C6-43BD-807A-CF772C731DC1}.Release|x86.Build.0 = Release|Win32
	EndGlobalSection
	GlobalSection(SolutionProperties) = preSolution
		HideSolutionNode = FALSE
	EndGlobalSection
	GlobalSection(NestedProjects) = preSolution
		{450F225C-4610-4B20-84AE-2ED5B4C8D7C4} = {1C5130A0-168B-41FA-911C-576D3034F160}
		{1C2E181F-EAB0-46AA-B096-8BC78D7D8DB3} = {1C5130A0-168B-41FA-911C-576D3034F160}
		{369BDAFF-9E57-40D0-830D-B9232F35E4F4} = {1C5130A0-168B-41FA-911C-576D3034F160}
		{9786751A-6AE1-48D3-938D-4129D0399667} = {1006E08E-0DB2-4645-961A-1B1C902198C4}
		{B7DB309D-3ED6-4771-993D-A1CF3A6436D9} = {A136EE60-7CFE-4FEF-8BF8-7CB9AFC94353}
		{E6B2EF6F-86BD-4E2C-B860-1B9F0D3B9556} = {A136EE60-7CFE-4FEF-8BF8-7CB9AFC94353}
		{2185C120-7B01-4E2E-B200-858A2D25C715} = {1C5130A0-168B-41FA-911C-576D3034F160}
		{104D9A93-F6D7-4BF4-961F-7C52FEAEA77B} = {1C5130A0-168B-41FA-911C-576D3034F160}
		{7417BF00-028B-4797-B58A-6058CA338493} = {A136EE60-7CFE-4FEF-8BF8-7CB9AFC94353}
		{F5FFC2E5-66F4-493A-8D77-D47128A719D9} = {1006E08E-0DB2-4645-961A-1B1C902198C4}
		{5419AEEB-98B4-4D79-9FCA-A794200073FC} = {789D1D78-4C9E-44E8-ADC8-727647813570}
		{B6B8D608-32E7-4F09-B91D-EA5832D74C07} = {789D1D78-4C9E-44E8-ADC8-727647813570}
		{76542909-5FC8-405B-8E6D-D2E529162A7A} = {161BFBEB-A19E-4F5C-A7C1-1AAF0A6DA3EC}
		{81F10DE8-B9EF-400F-B3A7-57F2AFF35A14} = {161BFBEB-A19E-4F5C-A7C1-1AAF0A6DA3EC}
		{7EB0161F-4E8A-4C72-BA18-31B554F411F2} = {A136EE60-7CFE-4FEF-8BF8-7CB9AFC94353}
		{CF33269B-0876-4651-A8B9-2E32740C05C7} = {A136EE60-7CFE-4FEF-8BF8-7CB9AFC94353}
		{6B7BF168-E96C-44D6-ADB7-CADE77E2A654} = {1ACF6927-D6B8-492B-8386-7FBA7BF70CB5}
		{3BD3D898-F14B-4129-BAE5-6E3E83E9D982} = {1006E08E-0DB2-4645-961A-1B1C902198C4}
		{5B426532-B8C6-43BD-807A-CF772C731DC1} = {1006E08E-0DB2-4645-961A-1B1C902198C4}
	EndGlobalSection
	GlobalSection(ExtensibilityGlobals) = postSolution
		SolutionGuid = {ED57AF8B-7937-40C6-9764-D313AB08FEC9}
	EndGlobalSection
EndGlobal
